
Microsoft Visual Studio Solution File, Format Version 12.00
# Visual Studio Version 17
VisualStudioVersion = 17.1.32407.343
MinimumVisualStudioVersion = 10.0.40219.1
Project("{9A19103F-16F7-4668-BE54-9A1E7A4F7556}") = "Injector", "src\Injector\Injector.csproj", "{87A8FBB3-AC9F-4765-9A0E-B098D43A2DE9}"
EndProject
Project("{8BC9CEB8-8B4A-11D0-8D11-00A0C91BC942}") = "Bootstrap", "src\Bootstrap\Bootstrap.vcxproj", "{8072B47B-5611-4BAB-8EF4-CB3125D676A5}"
EndProject
Project("{2150E333-8FDC-42A3-9474-1A3956D46DE8}") = "Solution Items", "Solution Items", "{DEEC9CA4-3E15-4B82-B024-F5009DB3092D}"
	ProjectSection(SolutionItems) = preProject
		.editorconfig = .editorconfig
		.github\workflows\build.yml = .github\workflows\build.yml
		src\Directory.Build.props = src\Directory.Build.props
		src\Directory.Build.targets = src\Directory.Build.targets
		.github\workflows\publish.yml = .github\workflows\publish.yml
		readme.md = readme.md
	EndProjectSection
EndProject
Project("{9A19103F-16F7-4668-BE54-9A1E7A4F7556}") = "Sample", "src\Sample\Sample.csproj", "{16A5E068-9E95-4A58-AFD2-B06550E82C3F}"
	ProjectSection(ProjectDependencies) = postProject
		{87A8FBB3-AC9F-4765-9A0E-B098D43A2DE9} = {87A8FBB3-AC9F-4765-9A0E-B098D43A2DE9}
	EndProjectSection
EndProject
Global
	GlobalSection(SolutionConfigurationPlatforms) = preSolution
		Debug|x64 = Debug|x64
		Debug|x86 = Debug|x86
		Release|x64 = Release|x64
		Release|x86 = Release|x86
	EndGlobalSection
	GlobalSection(ProjectConfigurationPlatforms) = postSolution
		{87A8FBB3-AC9F-4765-9A0E-B098D43A2DE9}.Debug|x64.ActiveCfg = Debug|x64
		{87A8FBB3-AC9F-4765-9A0E-B098D43A2DE9}.Debug|x64.Build.0 = Debug|x64
		{87A8FBB3-AC9F-4765-9A0E-B098D43A2DE9}.Debug|x86.ActiveCfg = Debug|x86
		{87A8FBB3-AC9F-4765-9A0E-B098D43A2DE9}.Debug|x86.Build.0 = Debug|x86
		{87A8FBB3-AC9F-4765-9A0E-B098D43A2DE9}.Release|x64.ActiveCfg = Release|x64
		{87A8FBB3-AC9F-4765-9A0E-B098D43A2DE9}.Release|x64.Build.0 = Release|x64
		{87A8FBB3-AC9F-4765-9A0E-B098D43A2DE9}.Release|x86.ActiveCfg = Release|x86
		{87A8FBB3-AC9F-4765-9A0E-B098D43A2DE9}.Release|x86.Build.0 = Release|x86
		{8072B47B-5611-4BAB-8EF4-CB3125D676A5}.Debug|x64.ActiveCfg = Debug|x64
		{8072B47B-5611-4BAB-8EF4-CB3125D676A5}.Debug|x64.Build.0 = Debug|x64
		{8072B47B-5611-4BAB-8EF4-CB3125D676A5}.Debug|x86.ActiveCfg = Debug|Win32
		{8072B47B-5611-4BAB-8EF4-CB3125D676A5}.Debug|x86.Build.0 = Debug|Win32
		{8072B47B-5611-4BAB-8EF4-CB3125D676A5}.Release|x64.ActiveCfg = Release|x64
		{8072B47B-5611-4BAB-8EF4-CB3125D676A5}.Release|x64.Build.0 = Release|x64
		{8072B47B-5611-4BAB-8EF4-CB3125D676A5}.Release|x86.ActiveCfg = Release|Win32
		{8072B47B-5611-4BAB-8EF4-CB3125D676A5}.Release|x86.Build.0 = Release|Win32
		{16A5E068-9E95-4A58-AFD2-B06550E82C3F}.Debug|x64.ActiveCfg = Debug|x64
		{16A5E068-9E95-4A58-AFD2-B06550E82C3F}.Debug|x64.Build.0 = Debug|x64
		{16A5E068-9E95-4A58-AFD2-B06550E82C3F}.Debug|x86.ActiveCfg = Debug|x86
		{16A5E068-9E95-4A58-AFD2-B06550E82C3F}.Debug|x86.Build.0 = Debug|x86
		{16A5E068-9E95-4A58-AFD2-B06550E82C3F}.Release|x64.ActiveCfg = Release|x64
		{16A5E068-9E95-4A58-AFD2-B06550E82C3F}.Release|x64.Build.0 = Release|x64
		{16A5E068-9E95-4A58-AFD2-B06550E82C3F}.Release|x86.ActiveCfg = Release|x86
		{16A5E068-9E95-4A58-AFD2-B06550E82C3F}.Release|x86.Build.0 = Release|x86
	EndGlobalSection
	GlobalSection(SolutionProperties) = preSolution
		HideSolutionNode = FALSE
	EndGlobalSection
	GlobalSection(ExtensibilityGlobals) = postSolution
		SolutionGuid = {C34B95A2-3544-4308-81E7-249E03E05A01}
	EndGlobalSection
EndGlobal
